
Microsoft Visual Studio Solution File, Format Version 12.00
# Visual Studio Version 17
VisualStudioVersion = 17.2.32630.192
MinimumVisualStudioVersion = 10.0.40219.1
Project("{FAE04EC0-301F-11D3-BF4B-00C04F79EFBC}") = "SimpleWebApp", "SimpleWebApp\SimpleWebApp.csproj", "{D66E20D9-A128-4A62-995A-D3032873F8B6}"
EndProject
Global
	GlobalSection(SolutionConfigurationPlatforms) = preSolution
		Debug|Any CPU = Debug|Any CPU
		Release|Any CPU = Release|Any CPU
	EndGlobalSection
	GlobalSection(ProjectConfigurationPlatforms) = postSolution
		{D66E20D9-A128-4A62-995A-D3032873F8B6}.Debug|Any CPU.ActiveCfg = Debug|Any CPU
		{D66E20D9-A128-4A62-995A-D3032873F8B6}.Debug|Any CPU.Build.0 = Debug|Any CPU
		{D66E20D9-A128-4A62-995A-D3032873F8B6}.Release|Any CPU.ActiveCfg = Release|Any CPU
		{D66E20D9-A128-4A62-995A-D3032873F8B6}.Release|Any CPU.Build.0 = Release|Any CPU
	EndGlobalSection
	GlobalSection(SolutionProperties) = preSolution
		HideSolutionNode = FALSE
	EndGlobalSection
	GlobalSection(ExtensibilityGlobals) = postSolution
		SolutionGuid = {F6BDF760-9972-4AF3-A3CC-732D5871DEEC}
	EndGlobalSection
EndGlobal
