
Microsoft Visual Studio Solution File, Format Version 12.00
# Visual Studio Version 17
VisualStudioVersion = 17.2.32630.192
MinimumVisualStudioVersion = 10.0.40219.1
Project("{FAE04EC0-301F-11D3-BF4B-00C04F79EFBC}") = "SimpleWebAppTwo", "SimpleWebAppTwo\SimpleWebAppTwo.csproj", "{A60F630A-AEBF-42F0-BBD3-0829EB3A56EF}"
EndProject
Global
	GlobalSection(SolutionConfigurationPlatforms) = preSolution
		Debug|Any CPU = Debug|Any CPU
		Release|Any CPU = Release|Any CPU
	EndGlobalSection
	GlobalSection(ProjectConfigurationPlatforms) = postSolution
		{A60F630A-AEBF-42F0-BBD3-0829EB3A56EF}.Debug|Any CPU.ActiveCfg = Debug|Any CPU
		{A60F630A-AEBF-42F0-BBD3-0829EB3A56EF}.Debug|Any CPU.Build.0 = Debug|Any CPU
		{A60F630A-AEBF-42F0-BBD3-0829EB3A56EF}.Release|Any CPU.ActiveCfg = Release|Any CPU
		{A60F630A-AEBF-42F0-BBD3-0829EB3A56EF}.Release|Any CPU.Build.0 = Release|Any CPU
	EndGlobalSection
	GlobalSection(SolutionProperties) = preSolution
		HideSolutionNode = FALSE
	EndGlobalSection
	GlobalSection(ExtensibilityGlobals) = postSolution
		SolutionGuid = {035868A1-8D78-44C3-9D94-56EA05188C5D}
	EndGlobalSection
EndGlobal
